{
  "nodes": {
    "brew-src": {
      "flake": false,
      "locked": {
        "lastModified": 1769363988,
        "narHash": "sha256-BiGPeulrDVetXP+tjxhMcGLUROZAtZIhU5m4MqawCfM=",
        "owner": "Homebrew",
        "repo": "brew",
        "rev": "d01011cac6d72032c75fd2cd9489909e95d9faf2",
        "type": "github"
      },
      "original": {
        "owner": "Homebrew",
        "ref": "5.0.12",
        "repo": "brew",
        "type": "github"
      }
    },
    "home-manager": {
      "inputs": {
        "nixpkgs": [
          "nixpkgs"
        ]
      },
      "locked": {
        "lastModified": 1769450270,
        "narHash": "sha256-pdVm/zJazDUAasTyHFX/Pbrlk9Upjxi0yzgn7GjGe4g=",
        "owner": "nix-community",
        "repo": "home-manager",
        "rev": "a10c1e8f5ad2589414407f4851c221cb66270257",
        "type": "github"
      },
      "original": {
        "owner": "nix-community",
        "repo": "home-manager",
        "type": "github"
      }
    },
    "homebrew-bundle": {
      "flake": false,
      "locked": {
        "lastModified": 1745335228,
        "narHash": "sha256-TIKR2UgtyUmHLNZp255/vLs+1I10hXe+sciMEbAGFwE=",
        "owner": "homebrew",
        "repo": "homebrew-bundle",
        "rev": "a3265c84b232e13048ecbf6fc18a2eedfadbeb08",
        "type": "github"
      },
      "original": {
        "owner": "homebrew",
        "repo": "homebrew-bundle",
        "type": "github"
      }
    },
    "homebrew-cask": {
      "flake": false,
      "locked": {
        "lastModified": 1769534692,
        "narHash": "sha256-B0Vhq1P8rba4cIru7an0FrMRoIrCV0PK+HnFxZ4ju/Q=",
        "owner": "homebrew",
        "repo": "homebrew-cask",
        "rev": "dee3ba39728c88775e89dc3bc8314e6d09d4e815",
        "type": "github"
      },
      "original": {
        "owner": "homebrew",
        "repo": "homebrew-cask",
        "type": "github"
      }
    },
    "homebrew-core": {
      "flake": false,
      "locked": {
        "lastModified": 1769535590,
        "narHash": "sha256-IlmKvq8JUpWZ9c7BVTgSHSRvYapeAisTEG3pCycWPfw=",
        "owner": "homebrew",
        "repo": "homebrew-core",
        "rev": "e245e8176cff68ef0686a690fa545a480c7fa541",
        "type": "github"
      },
      "original": {
        "owner": "homebrew",
        "repo": "homebrew-core",
        "type": "github"
      }
    },
    "koekeishiya-formulae": {
      "flake": false,
      "locked": {
        "lastModified": 1765321528,
        "narHash": "sha256-qkvyLtfo1DQv3BJ2aN2QpXM5rsY42jjsdmfF+NCppdw=",
        "owner": "koekeishiya",
        "repo": "homebrew-formulae",
        "rev": "4304ae8d0dd1e3d138d2e2dafb06d77965891b98",
        "type": "github"
      },
      "original": {
        "owner": "koekeishiya",
        "repo": "homebrew-formulae",
        "type": "github"
      }
    },
    "nix-darwin": {
      "inputs": {
        "nixpkgs": [
          "nixpkgs"
        ]
      },
      "locked": {
        "lastModified": 1768764703,
        "narHash": "sha256-5ulSDyOG1U+1sJhkJHYsUOWEsmtLl97O0NTVMvgIVyc=",
        "owner": "LnL7",
        "repo": "nix-darwin",
        "rev": "0fc4e7ac670a0ed874abacf73c4b072a6a58064b",
        "type": "github"
      },
      "original": {
        "owner": "LnL7",
        "ref": "master",
        "repo": "nix-darwin",
        "type": "github"
      }
    },
    "nix-homebrew": {
      "inputs": {
        "brew-src": "brew-src"
      },
      "locked": {
        "lastModified": 1769437432,
        "narHash": "sha256-8d7KnCpT2LweRvSzZYEGd9IM3eFX+A78opcnDM0+ndk=",
        "owner": "zhaofengli-wip",
        "repo": "nix-homebrew",
        "rev": "a5409abd0d5013d79775d3419bcac10eacb9d8c5",
        "type": "github"
      },
      "original": {
        "owner": "zhaofengli-wip",
        "repo": "nix-homebrew",
        "type": "github"
      }
    },
    "nix-vscode-extensions": {
      "inputs": {
        "nixpkgs": [
          "nixpkgs"
        ]
      },
      "locked": {
        "lastModified": 1769480869,
        "narHash": "sha256-Ycucrq0R1wbx2iMyPg2E1lix1VmDcV3iZU40mDeEgqw=",
        "owner": "nix-community",
        "repo": "nix-vscode-extensions",
        "rev": "526331948fbe33571c32407f47a0bb943c348fcc",
        "type": "github"
      },
      "original": {
        "owner": "nix-community",
        "repo": "nix-vscode-extensions",
        "type": "github"
      }
    },
    "nixpkgs": {
      "locked": {
        "lastModified": 1769170682,
        "narHash": "sha256-oMmN1lVQU0F0W2k6OI3bgdzp2YOHWYUAw79qzDSjenU=",
        "owner": "nixos",
        "repo": "nixpkgs",
        "rev": "c5296fdd05cfa2c187990dd909864da9658df755",
        "type": "github"
      },
      "original": {
        "owner": "nixos",
        "ref": "nixos-unstable",
        "repo": "nixpkgs",
        "type": "github"
      }
    },
    "noctalia": {
      "inputs": {
        "nixpkgs": [
          "nixpkgs"
        ]
      },
      "locked": {
        "lastModified": 1769540019,
        "narHash": "sha256-tsbKyXZFPf+Y6VqgldwWFWCE0L5oMjPZdBitTyt3NrA=",
        "owner": "noctalia-dev",
        "repo": "noctalia-shell",
        "rev": "784720995af02168302acf8d5cc7aa96b9c1540f",
        "type": "github"
      },
      "original": {
        "owner": "noctalia-dev",
        "repo": "noctalia-shell",
        "type": "github"
      }
    },
    "root": {
      "inputs": {
        "home-manager": "home-manager",
        "homebrew-bundle": "homebrew-bundle",
        "homebrew-cask": "homebrew-cask",
        "homebrew-core": "homebrew-core",
        "koekeishiya-formulae": "koekeishiya-formulae",
        "nix-darwin": "nix-darwin",
        "nix-homebrew": "nix-homebrew",
        "nix-vscode-extensions": "nix-vscode-extensions",
        "nixpkgs": "nixpkgs",
        "noctalia": "noctalia",
        "shinokada-consize": "shinokada-consize",
        "spicetify-nix": "spicetify-nix",
        "utkuozdemir-pv-migrate": "utkuozdemir-pv-migrate",
        "weaveworks-tap": "weaveworks-tap"
      }
    },
    "shinokada-consize": {
      "flake": false,
      "locked": {
        "lastModified": 1676151341,
        "narHash": "sha256-mI5VvxF9zy2q145VVIdTnml72YCLIMz3FcjD4gfphk8=",
        "owner": "shinokada",
        "repo": "homebrew-consize",
        "rev": "7bb04f8a6ca9052b8ef60f94975d002bed3a44e9",
        "type": "github"
      },
      "original": {
        "owner": "shinokada",
        "repo": "homebrew-consize",
        "type": "github"
      }
    },
    "spicetify-nix": {
      "inputs": {
        "nixpkgs": [
          "nixpkgs"
        ],
        "systems": "systems"
      },
      "locked": {
        "lastModified": 1769316930,
        "narHash": "sha256-4EOGHYLpIscwr+6drHE28Qj7NDjjowp2Vd8QkXjdBBE=",
        "owner": "Gerg-L",
        "repo": "spicetify-nix",
        "rev": "b2ce438f386943ef611e196a178af2d79042903b",
        "type": "github"
      },
      "original": {
        "owner": "Gerg-L",
        "repo": "spicetify-nix",
        "type": "github"
      }
    },
    "systems": {
      "locked": {
        "lastModified": 1681028828,
        "narHash": "sha256-Vy1rq5AaRuLzOxct8nz4T6wlgyUR7zLU309k9mBC768=",
        "owner": "nix-systems",
        "repo": "default",
        "rev": "da67096a3b9bf56a91d16901293e51ba5b49a27e",
        "type": "github"
      },
      "original": {
        "owner": "nix-systems",
        "repo": "default",
        "type": "github"
      }
    },
    "utkuozdemir-pv-migrate": {
      "flake": false,
      "locked": {
        "lastModified": 1739978066,
        "narHash": "sha256-uJtzLN0vmNazzySSKeAkagyoQY2lhpD1eP9PlbmvDRE=",
        "owner": "utkuozdemir",
        "repo": "homebrew-pv-migrate",
        "rev": "a1ed3a37ab13a64cacad4c9729eb37a2c7645073",
        "type": "github"
      },
      "original": {
        "owner": "utkuozdemir",
        "repo": "homebrew-pv-migrate",
        "type": "github"
      }
    },
    "weaveworks-tap": {
      "flake": false,
      "locked": {
        "lastModified": 1766085036,
        "narHash": "sha256-DfkjlYQtDbAJcALN4TBmE+6yNsvquvoH1TZ3L+1YJrI=",
        "owner": "weaveworks",
        "repo": "homebrew-tap",
        "rev": "97efb74bf0f4e124d61f7fea49b325fb60e084b0",
        "type": "github"
      },
      "original": {
        "owner": "weaveworks",
        "repo": "homebrew-tap",
        "type": "github"
      }
    }
  },
  "root": "root",
  "version": 7
}
