{
  "nodes": {
    "brew-src": {
      "flake": false,
      "locked": {
        "lastModified": 1769363988,
        "narHash": "sha256-BiGPeulrDVetXP+tjxhMcGLUROZAtZIhU5m4MqawCfM=",
        "owner": "Homebrew",
        "repo": "brew",
        "rev": "d01011cac6d72032c75fd2cd9489909e95d9faf2",
        "type": "github"
      },
      "original": {
        "owner": "Homebrew",
        "ref": "5.0.12",
        "repo": "brew",
        "type": "github"
      }
    },
    "flake-utils": {
      "inputs": {
        "systems": "systems"
      },
      "locked": {
        "lastModified": 1731533236,
        "narHash": "sha256-l0KFg5HjrsfsO/JpG+r7fRrqm12kzFHyUHqHCVpMMbI=",
        "owner": "numtide",
        "repo": "flake-utils",
        "rev": "11707dc2f618dd54ca8739b309ec4fc024de578b",
        "type": "github"
      },
      "original": {
        "owner": "numtide",
        "repo": "flake-utils",
        "type": "github"
      }
    },
    "home-manager": {
      "inputs": {
        "nixpkgs": [
          "nixpkgs"
        ]
      },
      "locked": {
        "lastModified": 1771531206,
        "narHash": "sha256-1R3Wx6KUkMb4x4E5UOhW9p6rqiexzSGGWxZqSHqW5n0=",
        "owner": "nix-community",
        "repo": "home-manager",
        "rev": "91be7cce763fa4022c7cf025a71b0c366d1b6e77",
        "type": "github"
      },
      "original": {
        "owner": "nix-community",
        "repo": "home-manager",
        "type": "github"
      }
    },
    "homebrew-bundle": {
      "flake": false,
      "locked": {
        "lastModified": 1745335228,
        "narHash": "sha256-TIKR2UgtyUmHLNZp255/vLs+1I10hXe+sciMEbAGFwE=",
        "owner": "homebrew",
        "repo": "homebrew-bundle",
        "rev": "a3265c84b232e13048ecbf6fc18a2eedfadbeb08",
        "type": "github"
      },
      "original": {
        "owner": "homebrew",
        "repo": "homebrew-bundle",
        "type": "github"
      }
    },
    "homebrew-cask": {
      "flake": false,
      "locked": {
        "lastModified": 1771535985,
        "narHash": "sha256-xF0jFhj5YQvdQz7uZtecrJLKfOmwSY2NorMqtLuOAU4=",
        "owner": "homebrew",
        "repo": "homebrew-cask",
        "rev": "3b7a221aba52856d5be0396e689210ac22671e75",
        "type": "github"
      },
      "original": {
        "owner": "homebrew",
        "repo": "homebrew-cask",
        "type": "github"
      }
    },
    "homebrew-core": {
      "flake": false,
      "locked": {
        "lastModified": 1771536043,
        "narHash": "sha256-a11barywRBLa6SrcQ3tslYVGd+i6Iz8ZvQBz4CmPMRQ=",
        "owner": "homebrew",
        "repo": "homebrew-core",
        "rev": "5c776e69b85219d4cb7cd96ff1d4aa605ada549b",
        "type": "github"
      },
      "original": {
        "owner": "homebrew",
        "repo": "homebrew-core",
        "type": "github"
      }
    },
    "koekeishiya-formulae": {
      "flake": false,
      "locked": {
        "lastModified": 1765321528,
        "narHash": "sha256-qkvyLtfo1DQv3BJ2aN2QpXM5rsY42jjsdmfF+NCppdw=",
        "owner": "koekeishiya",
        "repo": "homebrew-formulae",
        "rev": "4304ae8d0dd1e3d138d2e2dafb06d77965891b98",
        "type": "github"
      },
      "original": {
        "owner": "koekeishiya",
        "repo": "homebrew-formulae",
        "type": "github"
      }
    },
    "nix-darwin": {
      "inputs": {
        "nixpkgs": [
          "nixpkgs"
        ]
      },
      "locked": {
        "lastModified": 1771520882,
        "narHash": "sha256-9SeTZ4Pwr730YfT7V8Azb8GFbwk1ZwiQDAwft3qAD+o=",
        "owner": "LnL7",
        "repo": "nix-darwin",
        "rev": "6a7fdcd5839ec8b135821179eea3b58092171bcf",
        "type": "github"
      },
      "original": {
        "owner": "LnL7",
        "ref": "master",
        "repo": "nix-darwin",
        "type": "github"
      }
    },
    "nix-homebrew": {
      "inputs": {
        "brew-src": "brew-src"
      },
      "locked": {
        "lastModified": 1769437432,
        "narHash": "sha256-8d7KnCpT2LweRvSzZYEGd9IM3eFX+A78opcnDM0+ndk=",
        "owner": "zhaofengli-wip",
        "repo": "nix-homebrew",
        "rev": "a5409abd0d5013d79775d3419bcac10eacb9d8c5",
        "type": "github"
      },
      "original": {
        "owner": "zhaofengli-wip",
        "repo": "nix-homebrew",
        "type": "github"
      }
    },
    "nix-vscode-extensions": {
      "inputs": {
        "nixpkgs": [
          "nixpkgs"
        ]
      },
      "locked": {
        "lastModified": 1771469292,
        "narHash": "sha256-Usmkw+YvVfr7QihWwq2kOWHTJWdkeUWUFDMxZhShfD0=",
        "owner": "nix-community",
        "repo": "nix-vscode-extensions",
        "rev": "12151c2bdb6dc957bf077ac8e4a33752711e6949",
        "type": "github"
      },
      "original": {
        "owner": "nix-community",
        "repo": "nix-vscode-extensions",
        "type": "github"
      }
    },
    "nixpkgs": {
      "locked": {
        "lastModified": 1771369470,
        "narHash": "sha256-0NBlEBKkN3lufyvFegY4TYv5mCNHbi5OmBDrzihbBMQ=",
        "owner": "nixos",
        "repo": "nixpkgs",
        "rev": "0182a361324364ae3f436a63005877674cf45efb",
        "type": "github"
      },
      "original": {
        "owner": "nixos",
        "ref": "nixos-unstable",
        "repo": "nixpkgs",
        "type": "github"
      }
    },
    "noctalia": {
      "inputs": {
        "nixpkgs": [
          "nixpkgs"
        ]
      },
      "locked": {
        "lastModified": 1771513929,
        "narHash": "sha256-dPeHevAT1Cb2w/Wrfz/d5i6RfO8bvbGl/KrTPxU2l3w=",
        "owner": "noctalia-dev",
        "repo": "noctalia-shell",
        "rev": "9c47ce03f200e0b8fc515d973440d5bc3e359785",
        "type": "github"
      },
      "original": {
        "owner": "noctalia-dev",
        "repo": "noctalia-shell",
        "type": "github"
      }
    },
    "root": {
      "inputs": {
        "home-manager": "home-manager",
        "homebrew-bundle": "homebrew-bundle",
        "homebrew-cask": "homebrew-cask",
        "homebrew-core": "homebrew-core",
        "koekeishiya-formulae": "koekeishiya-formulae",
        "nix-darwin": "nix-darwin",
        "nix-homebrew": "nix-homebrew",
        "nix-vscode-extensions": "nix-vscode-extensions",
        "nixpkgs": "nixpkgs",
        "noctalia": "noctalia",
        "shinokada-consize": "shinokada-consize",
        "snappy-switcher": "snappy-switcher",
        "spicetify-nix": "spicetify-nix",
        "utkuozdemir-pv-migrate": "utkuozdemir-pv-migrate",
        "weaveworks-tap": "weaveworks-tap"
      }
    },
    "shinokada-consize": {
      "flake": false,
      "locked": {
        "lastModified": 1676151341,
        "narHash": "sha256-mI5VvxF9zy2q145VVIdTnml72YCLIMz3FcjD4gfphk8=",
        "owner": "shinokada",
        "repo": "homebrew-consize",
        "rev": "7bb04f8a6ca9052b8ef60f94975d002bed3a44e9",
        "type": "github"
      },
      "original": {
        "owner": "shinokada",
        "repo": "homebrew-consize",
        "type": "github"
      }
    },
    "snappy-switcher": {
      "inputs": {
        "flake-utils": "flake-utils",
        "nixpkgs": [
          "nixpkgs"
        ]
      },
      "locked": {
        "lastModified": 1771402076,
        "narHash": "sha256-uKYfj+to+D7jSnokRI9YthcCoo0dpHKR+mC526DfSKU=",
        "owner": "OpalAayan",
        "repo": "snappy-switcher",
        "rev": "3abcea1005ab11d58eb4a9df9908c3466b0400c5",
        "type": "github"
      },
      "original": {
        "owner": "OpalAayan",
        "repo": "snappy-switcher",
        "type": "github"
      }
    },
    "spicetify-nix": {
      "inputs": {
        "nixpkgs": [
          "nixpkgs"
        ],
        "systems": "systems_2"
      },
      "locked": {
        "lastModified": 1771268051,
        "narHash": "sha256-nGqPcngnezoT+/xAvw3UDjwdKP2MC4fO315A/Otb9eE=",
        "owner": "Gerg-L",
        "repo": "spicetify-nix",
        "rev": "b930de84c561f62a0c39a6a57c2ab553a97e8495",
        "type": "github"
      },
      "original": {
        "owner": "Gerg-L",
        "repo": "spicetify-nix",
        "type": "github"
      }
    },
    "systems": {
      "locked": {
        "lastModified": 1681028828,
        "narHash": "sha256-Vy1rq5AaRuLzOxct8nz4T6wlgyUR7zLU309k9mBC768=",
        "owner": "nix-systems",
        "repo": "default",
        "rev": "da67096a3b9bf56a91d16901293e51ba5b49a27e",
        "type": "github"
      },
      "original": {
        "owner": "nix-systems",
        "repo": "default",
        "type": "github"
      }
    },
    "systems_2": {
      "locked": {
        "lastModified": 1681028828,
        "narHash": "sha256-Vy1rq5AaRuLzOxct8nz4T6wlgyUR7zLU309k9mBC768=",
        "owner": "nix-systems",
        "repo": "default",
        "rev": "da67096a3b9bf56a91d16901293e51ba5b49a27e",
        "type": "github"
      },
      "original": {
        "owner": "nix-systems",
        "repo": "default",
        "type": "github"
      }
    },
    "utkuozdemir-pv-migrate": {
      "flake": false,
      "locked": {
        "lastModified": 1771272022,
        "narHash": "sha256-mTa03CpNB2DoNPtQOuHJlUbAMaD8UErQxPWk4mQFlLw=",
        "owner": "utkuozdemir",
        "repo": "homebrew-pv-migrate",
        "rev": "a88723957760b9f8ab3b2938fb57673f0aece827",
        "type": "github"
      },
      "original": {
        "owner": "utkuozdemir",
        "repo": "homebrew-pv-migrate",
        "type": "github"
      }
    },
    "weaveworks-tap": {
      "flake": false,
      "locked": {
        "lastModified": 1771051753,
        "narHash": "sha256-aOpoyp9kvixog0lViGn2rQb1metrtfhxsJe/m80BZZY=",
        "owner": "weaveworks",
        "repo": "homebrew-tap",
        "rev": "053ec34643d5bf54f0b388f343f7edff50fbacbf",
        "type": "github"
      },
      "original": {
        "owner": "weaveworks",
        "repo": "homebrew-tap",
        "type": "github"
      }
    }
  },
  "root": "root",
  "version": 7
}
