{
  "nodes": {
    "brew-src": {
      "flake": false,
      "locked": {
        "lastModified": 1763638478,
        "narHash": "sha256-n/IMowE9S23ovmTkKX7KhxXC2Yq41EAVFR2FBIXPcT8=",
        "owner": "Homebrew",
        "repo": "brew",
        "rev": "fbfdbaba008189499958a7aeb1e2c36ab10c067d",
        "type": "github"
      },
      "original": {
        "owner": "Homebrew",
        "ref": "5.0.3",
        "repo": "brew",
        "type": "github"
      }
    },
    "home-manager": {
      "inputs": {
        "nixpkgs": [
          "nixpkgs"
        ]
      },
      "locked": {
        "lastModified": 1768598210,
        "narHash": "sha256-kkgA32s/f4jaa4UG+2f8C225Qvclxnqs76mf8zvTVPg=",
        "owner": "nix-community",
        "repo": "home-manager",
        "rev": "c47b2cc64a629f8e075de52e4742de688f930dc6",
        "type": "github"
      },
      "original": {
        "owner": "nix-community",
        "repo": "home-manager",
        "type": "github"
      }
    },
    "homebrew-bundle": {
      "flake": false,
      "locked": {
        "lastModified": 1745335228,
        "narHash": "sha256-TIKR2UgtyUmHLNZp255/vLs+1I10hXe+sciMEbAGFwE=",
        "owner": "homebrew",
        "repo": "homebrew-bundle",
        "rev": "a3265c84b232e13048ecbf6fc18a2eedfadbeb08",
        "type": "github"
      },
      "original": {
        "owner": "homebrew",
        "repo": "homebrew-bundle",
        "type": "github"
      }
    },
    "homebrew-cask": {
      "flake": false,
      "locked": {
        "lastModified": 1768594021,
        "narHash": "sha256-2GONdIcKnVWuDrDxeTmWVZzVTrEP1QlbaUYUi4g/q/U=",
        "owner": "homebrew",
        "repo": "homebrew-cask",
        "rev": "f439bed1ed34c40421bed06ba3272ba18c79c087",
        "type": "github"
      },
      "original": {
        "owner": "homebrew",
        "repo": "homebrew-cask",
        "type": "github"
      }
    },
    "homebrew-core": {
      "flake": false,
      "locked": {
        "lastModified": 1768598063,
        "narHash": "sha256-S5iX4EVU9L9ZbignQetABo/oAqJZb0tmNLxrebvf5Ls=",
        "owner": "homebrew",
        "repo": "homebrew-core",
        "rev": "b116a73c96e84c62f5f797e1ad8068c10321f2a3",
        "type": "github"
      },
      "original": {
        "owner": "homebrew",
        "repo": "homebrew-core",
        "type": "github"
      }
    },
    "koekeishiya-formulae": {
      "flake": false,
      "locked": {
        "lastModified": 1765321528,
        "narHash": "sha256-qkvyLtfo1DQv3BJ2aN2QpXM5rsY42jjsdmfF+NCppdw=",
        "owner": "koekeishiya",
        "repo": "homebrew-formulae",
        "rev": "4304ae8d0dd1e3d138d2e2dafb06d77965891b98",
        "type": "github"
      },
      "original": {
        "owner": "koekeishiya",
        "repo": "homebrew-formulae",
        "type": "github"
      }
    },
    "nix-darwin": {
      "inputs": {
        "nixpkgs": [
          "nixpkgs"
        ]
      },
      "locked": {
        "lastModified": 1768561867,
        "narHash": "sha256-prGOZ+w3pZfGTRxworKcJliCNsewF0L4HUPjgU/6eaw=",
        "owner": "LnL7",
        "repo": "nix-darwin",
        "rev": "8b720b9662d4dd19048664b7e4216ce530591adc",
        "type": "github"
      },
      "original": {
        "owner": "LnL7",
        "ref": "master",
        "repo": "nix-darwin",
        "type": "github"
      }
    },
    "nix-homebrew": {
      "inputs": {
        "brew-src": "brew-src"
      },
      "locked": {
        "lastModified": 1764473698,
        "narHash": "sha256-C91gPgv6udN5WuIZWNehp8qdLqlrzX6iF/YyboOj6XI=",
        "owner": "zhaofengli-wip",
        "repo": "nix-homebrew",
        "rev": "6a8ab60bfd66154feeaa1021fc3b32684814a62a",
        "type": "github"
      },
      "original": {
        "owner": "zhaofengli-wip",
        "repo": "nix-homebrew",
        "type": "github"
      }
    },
    "nix-vscode-extensions": {
      "inputs": {
        "nixpkgs": [
          "nixpkgs"
        ]
      },
      "locked": {
        "lastModified": 1768529686,
        "narHash": "sha256-CRTi1Sr9q2lx5sKisO7/+sPQtwULTy12BG2gYMJBLPc=",
        "owner": "nix-community",
        "repo": "nix-vscode-extensions",
        "rev": "4b49917cd4d3b31eb4e01ef3ae453f4ff9664fb3",
        "type": "github"
      },
      "original": {
        "owner": "nix-community",
        "repo": "nix-vscode-extensions",
        "type": "github"
      }
    },
    "nixpkgs": {
      "locked": {
        "lastModified": 1768305791,
        "narHash": "sha256-AIdl6WAn9aymeaH/NvBj0H9qM+XuAuYbGMZaP0zcXAQ=",
        "owner": "nixos",
        "repo": "nixpkgs",
        "rev": "1412caf7bf9e660f2f962917c14b1ea1c3bc695e",
        "type": "github"
      },
      "original": {
        "owner": "nixos",
        "ref": "nixos-unstable",
        "repo": "nixpkgs",
        "type": "github"
      }
    },
    "noctalia": {
      "inputs": {
        "nixpkgs": [
          "nixpkgs"
        ]
      },
      "locked": {
        "lastModified": 1768592664,
        "narHash": "sha256-IOowvlO6ObgSV8oOVJKaBuzQdqkRz28UH2lRk46SLPc=",
        "owner": "noctalia-dev",
        "repo": "noctalia-shell",
        "rev": "24832354eed0e7549e6f57726950ba415fb23e77",
        "type": "github"
      },
      "original": {
        "owner": "noctalia-dev",
        "repo": "noctalia-shell",
        "type": "github"
      }
    },
    "root": {
      "inputs": {
        "home-manager": "home-manager",
        "homebrew-bundle": "homebrew-bundle",
        "homebrew-cask": "homebrew-cask",
        "homebrew-core": "homebrew-core",
        "koekeishiya-formulae": "koekeishiya-formulae",
        "nix-darwin": "nix-darwin",
        "nix-homebrew": "nix-homebrew",
        "nix-vscode-extensions": "nix-vscode-extensions",
        "nixpkgs": "nixpkgs",
        "noctalia": "noctalia",
        "shinokada-consize": "shinokada-consize",
        "spicetify-nix": "spicetify-nix",
        "utkuozdemir-pv-migrate": "utkuozdemir-pv-migrate",
        "weaveworks-tap": "weaveworks-tap"
      }
    },
    "shinokada-consize": {
      "flake": false,
      "locked": {
        "lastModified": 1676151341,
        "narHash": "sha256-mI5VvxF9zy2q145VVIdTnml72YCLIMz3FcjD4gfphk8=",
        "owner": "shinokada",
        "repo": "homebrew-consize",
        "rev": "7bb04f8a6ca9052b8ef60f94975d002bed3a44e9",
        "type": "github"
      },
      "original": {
        "owner": "shinokada",
        "repo": "homebrew-consize",
        "type": "github"
      }
    },
    "spicetify-nix": {
      "inputs": {
        "nixpkgs": [
          "nixpkgs"
        ],
        "systems": "systems"
      },
      "locked": {
        "lastModified": 1768107098,
        "narHash": "sha256-mSthw4k7jkB5S8+NYZwrQFItLj+17Se7Wn0pIfdASbc=",
        "owner": "Gerg-L",
        "repo": "spicetify-nix",
        "rev": "2e40e07527f9d724b1578f0af590ab345e836ec3",
        "type": "github"
      },
      "original": {
        "owner": "Gerg-L",
        "repo": "spicetify-nix",
        "type": "github"
      }
    },
    "systems": {
      "locked": {
        "lastModified": 1681028828,
        "narHash": "sha256-Vy1rq5AaRuLzOxct8nz4T6wlgyUR7zLU309k9mBC768=",
        "owner": "nix-systems",
        "repo": "default",
        "rev": "da67096a3b9bf56a91d16901293e51ba5b49a27e",
        "type": "github"
      },
      "original": {
        "owner": "nix-systems",
        "repo": "default",
        "type": "github"
      }
    },
    "utkuozdemir-pv-migrate": {
      "flake": false,
      "locked": {
        "lastModified": 1739978066,
        "narHash": "sha256-uJtzLN0vmNazzySSKeAkagyoQY2lhpD1eP9PlbmvDRE=",
        "owner": "utkuozdemir",
        "repo": "homebrew-pv-migrate",
        "rev": "a1ed3a37ab13a64cacad4c9729eb37a2c7645073",
        "type": "github"
      },
      "original": {
        "owner": "utkuozdemir",
        "repo": "homebrew-pv-migrate",
        "type": "github"
      }
    },
    "weaveworks-tap": {
      "flake": false,
      "locked": {
        "lastModified": 1766085036,
        "narHash": "sha256-DfkjlYQtDbAJcALN4TBmE+6yNsvquvoH1TZ3L+1YJrI=",
        "owner": "weaveworks",
        "repo": "homebrew-tap",
        "rev": "97efb74bf0f4e124d61f7fea49b325fb60e084b0",
        "type": "github"
      },
      "original": {
        "owner": "weaveworks",
        "repo": "homebrew-tap",
        "type": "github"
      }
    }
  },
  "root": "root",
  "version": 7
}
